
Microsoft Visual Studio Solution File, Format Version 12.00
# Visual Studio Version 17
VisualStudioVersion = 17.0.31903.59
MinimumVisualStudioVersion = 10.0.40219.1
Project("{2150E333-8FDC-42A3-9474-1A3956D46DE8}") = "src", "src", "{827E0CD3-B72D-47B6-A68D-7590B98EB39B}"
EndProject
Project("{FAE04EC0-301F-11D3-BF4B-00C04F79EFBC}") = "Hackathon.Api", "src\Hackathon.Api\Hackathon.Api.csproj", "{0C4356B4-6E18-41DB-8A86-C88214D80137}"
EndProject
Project("{FAE04EC0-301F-11D3-BF4B-00C04F79EFBC}") = "Hackathon.Application", "src\Hackathon.Application\Hackathon.Application.csproj", "{15A79F23-C304-4EF2-86A3-218F9CC60926}"
EndProject
Project("{FAE04EC0-301F-11D3-BF4B-00C04F79EFBC}") = "Hackathon.Domain", "src\Hackathon.Domain\Hackathon.Domain.csproj", "{7D93CD5A-D51C-4097-9B55-7E2B2336693F}"
EndProject
Project("{FAE04EC0-301F-11D3-BF4B-00C04F79EFBC}") = "Hackathon.Infrastructure", "src\Hackathon.Infrastructure\Hackathon.Infrastructure.csproj", "{543089CE-4FD2-41C9-B9C9-C7ECB3F05E33}"
EndProject
Project("{2150E333-8FDC-42A3-9474-1A3956D46DE8}") = "tests", "tests", "{0AB3BF05-4346-4AA6-1389-037BE0695223}"
EndProject
Project("{FAE04EC0-301F-11D3-BF4B-00C04F79EFBC}") = "Hackathon.Application.Tests", "tests\Hackathon.Application.Tests\Hackathon.Application.Tests.csproj", "{DFD8FB5A-5D22-41CF-BC69-E0C76AE127C6}"
EndProject
Global
	GlobalSection(SolutionConfigurationPlatforms) = preSolution
		Debug|Any CPU = Debug|Any CPU
		Debug|x64 = Debug|x64
		Debug|x86 = Debug|x86
		Release|Any CPU = Release|Any CPU
		Release|x64 = Release|x64
		Release|x86 = Release|x86
	EndGlobalSection
	GlobalSection(ProjectConfigurationPlatforms) = postSolution
		{0C4356B4-6E18-41DB-8A86-C88214D80137}.Debug|Any CPU.ActiveCfg = Debug|Any CPU
		{0C4356B4-6E18-41DB-8A86-C88214D80137}.Debug|Any CPU.Build.0 = Debug|Any CPU
		{0C4356B4-6E18-41DB-8A86-C88214D80137}.Debug|x64.ActiveCfg = Debug|Any CPU
		{0C4356B4-6E18-41DB-8A86-C88214D80137}.Debug|x64.Build.0 = Debug|Any CPU
		{0C4356B4-6E18-41DB-8A86-C88214D80137}.Debug|x86.ActiveCfg = Debug|Any CPU
		{0C4356B4-6E18-41DB-8A86-C88214D80137}.Debug|x86.Build.0 = Debug|Any CPU
		{0C4356B4-6E18-41DB-8A86-C88214D80137}.Release|Any CPU.ActiveCfg = Release|Any CPU
		{0C4356B4-6E18-41DB-8A86-C88214D80137}.Release|Any CPU.Build.0 = Release|Any CPU
		{0C4356B4-6E18-41DB-8A86-C88214D80137}.Release|x64.ActiveCfg = Release|Any CPU
		{0C4356B4-6E18-41DB-8A86-C88214D80137}.Release|x64.Build.0 = Release|Any CPU
		{0C4356B4-6E18-41DB-8A86-C88214D80137}.Release|x86.ActiveCfg = Release|Any CPU
		{0C4356B4-6E18-41DB-8A86-C88214D80137}.Release|x86.Build.0 = Release|Any CPU
		{15A79F23-C304-4EF2-86A3-218F9CC60926}.Debug|Any CPU.ActiveCfg = Debug|Any CPU
		{15A79F23-C304-4EF2-86A3-218F9CC60926}.Debug|Any CPU.Build.0 = Debug|Any CPU
		{15A79F23-C304-4EF2-86A3-218F9CC60926}.Debug|x64.ActiveCfg = Debug|Any CPU
		{15A79F23-C304-4EF2-86A3-218F9CC60926}.Debug|x64.Build.0 = Debug|Any CPU
		{15A79F23-C304-4EF2-86A3-218F9CC60926}.Debug|x86.ActiveCfg = Debug|Any CPU
		{15A79F23-C304-4EF2-86A3-218F9CC60926}.Debug|x86.Build.0 = Debug|Any CPU
		{15A79F23-C304-4EF2-86A3-218F9CC60926}.Release|Any CPU.ActiveCfg = Release|Any CPU
		{15A79F23-C304-4EF2-86A3-218F9CC60926}.Release|Any CPU.Build.0 = Release|Any CPU
		{15A79F23-C304-4EF2-86A3-218F9CC60926}.Release|x64.ActiveCfg = Release|Any CPU
		{15A79F23-C304-4EF2-86A3-218F9CC60926}.Release|x64.Build.0 = Release|Any CPU
		{15A79F23-C304-4EF2-86A3-218F9CC60926}.Release|x86.ActiveCfg = Release|Any CPU
		{15A79F23-C304-4EF2-86A3-218F9CC60926}.Release|x86.Build.0 = Release|Any CPU
		{7D93CD5A-D51C-4097-9B55-7E2B2336693F}.Debug|Any CPU.ActiveCfg = Debug|Any CPU
		{7D93CD5A-D51C-4097-9B55-7E2B2336693F}.Debug|Any CPU.Build.0 = Debug|Any CPU
		{7D93CD5A-D51C-4097-9B55-7E2B2336693F}.Debug|x64.ActiveCfg = Debug|Any CPU
		{7D93CD5A-D51C-4097-9B55-7E2B2336693F}.Debug|x64.Build.0 = Debug|Any CPU
		{7D93CD5A-D51C-4097-9B55-7E2B2336693F}.Debug|x86.ActiveCfg = Debug|Any CPU
		{7D93CD5A-D51C-4097-9B55-7E2B2336693F}.Debug|x86.Build.0 = Debug|Any CPU
		{7D93CD5A-D51C-4097-9B55-7E2B2336693F}.Release|Any CPU.ActiveCfg = Release|Any CPU
		{7D93CD5A-D51C-4097-9B55-7E2B2336693F}.Release|Any CPU.Build.0 = Release|Any CPU
		{7D93CD5A-D51C-4097-9B55-7E2B2336693F}.Release|x64.ActiveCfg = Release|Any CPU
		{7D93CD5A-D51C-4097-9B55-7E2B2336693F}.Release|x64.Build.0 = Release|Any CPU
		{7D93CD5A-D51C-4097-9B55-7E2B2336693F}.Release|x86.ActiveCfg = Release|Any CPU
		{7D93CD5A-D51C-4097-9B55-7E2B2336693F}.Release|x86.Build.0 = Release|Any CPU
		{543089CE-4FD2-41C9-B9C9-C7ECB3F05E33}.Debug|Any CPU.ActiveCfg = Debug|Any CPU
		{543089CE-4FD2-41C9-B9C9-C7ECB3F05E33}.Debug|Any CPU.Build.0 = Debug|Any CPU
		{543089CE-4FD2-41C9-B9C9-C7ECB3F05E33}.Debug|x64.ActiveCfg = Debug|Any CPU
		{543089CE-4FD2-41C9-B9C9-C7ECB3F05E33}.Debug|x64.Build.0 = Debug|Any CPU
		{543089CE-4FD2-41C9-B9C9-C7ECB3F05E33}.Debug|x86.ActiveCfg = Debug|Any CPU
		{543089CE-4FD2-41C9-B9C9-C7ECB3F05E33}.Debug|x86.Build.0 = Debug|Any CPU
		{543089CE-4FD2-41C9-B9C9-C7ECB3F05E33}.Release|Any CPU.ActiveCfg = Release|Any CPU
		{543089CE-4FD2-41C9-B9C9-C7ECB3F05E33}.Release|Any CPU.Build.0 = Release|Any CPU
		{543089CE-4FD2-41C9-B9C9-C7ECB3F05E33}.Release|x64.ActiveCfg = Release|Any CPU
		{543089CE-4FD2-41C9-B9C9-C7ECB3F05E33}.Release|x64.Build.0 = Release|Any CPU
		{543089CE-4FD2-41C9-B9C9-C7ECB3F05E33}.Release|x86.ActiveCfg = Release|Any CPU
		{543089CE-4FD2-41C9-B9C9-C7ECB3F05E33}.Release|x86.Build.0 = Release|Any CPU
		{DFD8FB5A-5D22-41CF-BC69-E0C76AE127C6}.Debug|Any CPU.ActiveCfg = Debug|Any CPU
		{DFD8FB5A-5D22-41CF-BC69-E0C76AE127C6}.Debug|Any CPU.Build.0 = Debug|Any CPU
		{DFD8FB5A-5D22-41CF-BC69-E0C76AE127C6}.Debug|x64.ActiveCfg = Debug|Any CPU
		{DFD8FB5A-5D22-41CF-BC69-E0C76AE127C6}.Debug|x64.Build.0 = Debug|Any CPU
		{DFD8FB5A-5D22-41CF-BC69-E0C76AE127C6}.Debug|x86.ActiveCfg = Debug|Any CPU
		{DFD8FB5A-5D22-41CF-BC69-E0C76AE127C6}.Debug|x86.Build.0 = Debug|Any CPU
		{DFD8FB5A-5D22-41CF-BC69-E0C76AE127C6}.Release|Any CPU.ActiveCfg = Release|Any CPU
		{DFD8FB5A-5D22-41CF-BC69-E0C76AE127C6}.Release|Any CPU.Build.0 = Release|Any CPU
		{DFD8FB5A-5D22-41CF-BC69-E0C76AE127C6}.Release|x64.ActiveCfg = Release|Any CPU
		{DFD8FB5A-5D22-41CF-BC69-E0C76AE127C6}.Release|x64.Build.0 = Release|Any CPU
		{DFD8FB5A-5D22-41CF-BC69-E0C76AE127C6}.Release|x86.ActiveCfg = Release|Any CPU
		{DFD8FB5A-5D22-41CF-BC69-E0C76AE127C6}.Release|x86.Build.0 = Release|Any CPU
	EndGlobalSection
	GlobalSection(SolutionProperties) = preSolution
		HideSolutionNode = FALSE
	EndGlobalSection
	GlobalSection(NestedProjects) = preSolution
		{0C4356B4-6E18-41DB-8A86-C88214D80137} = {827E0CD3-B72D-47B6-A68D-7590B98EB39B}
		{15A79F23-C304-4EF2-86A3-218F9CC60926} = {827E0CD3-B72D-47B6-A68D-7590B98EB39B}
		{7D93CD5A-D51C-4097-9B55-7E2B2336693F} = {827E0CD3-B72D-47B6-A68D-7590B98EB39B}
		{543089CE-4FD2-41C9-B9C9-C7ECB3F05E33} = {827E0CD3-B72D-47B6-A68D-7590B98EB39B}
		{DFD8FB5A-5D22-41CF-BC69-E0C76AE127C6} = {0AB3BF05-4346-4AA6-1389-037BE0695223}
	EndGlobalSection
EndGlobal
